// !$*UTF8*$!
{
	archiveVersion = 1;
	classes = {
	};
	objectVersion = 55;
	objects = {

/* Begin PBXBuildFile section */
		89049943286ECD230031FF2E /* Lcl_HomeVideoPreviewCard.swift in Sources */ = {isa = PBXBuildFile; fileRef = 89049942286ECD230031FF2E /* Lcl_HomeVideoPreviewCard.swift */; };
		8904994F286EE3390031FF2E /* Extensions.swift in Sources */ = {isa = PBXBuildFile; fileRef = 8904994E286EE3390031FF2E /* Extensions.swift */; };
		89049951286EE4A20031FF2E /* Lcl_VideoView_Home.swift in Sources */ = {isa = PBXBuildFile; fileRef = 89049950286EE4A20031FF2E /* Lcl_VideoView_Home.swift */; };
		891A4C5A285B019800538E38 /* FirebaseAnalytics in Frameworks */ = {isa = PBXBuildFile; productRef = 891A4C59285B019800538E38 /* FirebaseAnalytics */; };
		891A4C5C285B019800538E38 /* FirebaseAnalyticsSwift in Frameworks */ = {isa = PBXBuildFile; productRef = 891A4C5B285B019800538E38 /* FirebaseAnalyticsSwift */; };
		891A4C5E285B019800538E38 /* FirebaseAppCheck in Frameworks */ = {isa = PBXBuildFile; productRef = 891A4C5D285B019800538E38 /* FirebaseAppCheck */; };
		891A4C60285B019800538E38 /* FirebaseAuth in Frameworks */ = {isa = PBXBuildFile; productRef = 891A4C5F285B019800538E38 /* FirebaseAuth */; };
		891A4C62285B019800538E38 /* FirebaseCrashlytics in Frameworks */ = {isa = PBXBuildFile; productRef = 891A4C61285B019800538E38 /* FirebaseCrashlytics */; };
		891A4C64285B019800538E38 /* FirebaseDatabase in Frameworks */ = {isa = PBXBuildFile; productRef = 891A4C63285B019800538E38 /* FirebaseDatabase */; };
		891A4C66285B019800538E38 /* FirebaseDatabaseSwift in Frameworks */ = {isa = PBXBuildFile; productRef = 891A4C65285B019800538E38 /* FirebaseDatabaseSwift */; };
		891A4C68285B019800538E38 /* FirebaseDynamicLinks in Frameworks */ = {isa = PBXBuildFile; productRef = 891A4C67285B019800538E38 /* FirebaseDynamicLinks */; };
		891A4C6A285B019800538E38 /* FirebaseFirestore in Frameworks */ = {isa = PBXBuildFile; productRef = 891A4C69285B019800538E38 /* FirebaseFirestore */; };
		891A4C6C285B019800538E38 /* FirebaseFirestoreSwift in Frameworks */ = {isa = PBXBuildFile; productRef = 891A4C6B285B019800538E38 /* FirebaseFirestoreSwift */; };
		891A4C6E285B019800538E38 /* FirebaseFunctions in Frameworks */ = {isa = PBXBuildFile; productRef = 891A4C6D285B019800538E38 /* FirebaseFunctions */; };
		891A4C70285B019800538E38 /* FirebaseInstallations in Frameworks */ = {isa = PBXBuildFile; productRef = 891A4C6F285B019800538E38 /* FirebaseInstallations */; };
		891A4C72285B019800538E38 /* FirebaseMessaging in Frameworks */ = {isa = PBXBuildFile; productRef = 891A4C71285B019800538E38 /* FirebaseMessaging */; };
		891A4C74285B019800538E38 /* FirebasePerformance in Frameworks */ = {isa = PBXBuildFile; productRef = 891A4C73285B019800538E38 /* FirebasePerformance */; };
		891A4C76285B019800538E38 /* FirebaseRemoteConfig in Frameworks */ = {isa = PBXBuildFile; productRef = 891A4C75285B019800538E38 /* FirebaseRemoteConfig */; };
		891A4C78285B019800538E38 /* FirebaseRemoteConfigSwift in Frameworks */ = {isa = PBXBuildFile; productRef = 891A4C77285B019800538E38 /* FirebaseRemoteConfigSwift */; };
		891A4C7A285B019800538E38 /* FirebaseStorage in Frameworks */ = {isa = PBXBuildFile; productRef = 891A4C79285B019800538E38 /* FirebaseStorage */; };
		891A4C7D285B080800538E38 /* GoogleService-Info.plist in Resources */ = {isa = PBXBuildFile; fileRef = 891A4C7C285B080800538E38 /* GoogleService-Info.plist */; };
		891A4C7E285B080800538E38 /* GoogleService-Info.plist in Resources */ = {isa = PBXBuildFile; fileRef = 891A4C7C285B080800538E38 /* GoogleService-Info.plist */; };
		891A4C7F285B080800538E38 /* GoogleService-Info.plist in Resources */ = {isa = PBXBuildFile; fileRef = 891A4C7C285B080800538E38 /* GoogleService-Info.plist */; };
		891A4C81285B088B00538E38 /* UserModel.swift in Sources */ = {isa = PBXBuildFile; fileRef = 891A4C80285B088B00538E38 /* UserModel.swift */; };
		891A4C82285B088B00538E38 /* UserModel.swift in Sources */ = {isa = PBXBuildFile; fileRef = 891A4C80285B088B00538E38 /* UserModel.swift */; };
		891A4C83285B088B00538E38 /* UserModel.swift in Sources */ = {isa = PBXBuildFile; fileRef = 891A4C80285B088B00538E38 /* UserModel.swift */; };
		8931249A2861A45500155E9B /* NFirestoreManager.swift in Sources */ = {isa = PBXBuildFile; fileRef = 893124992861A45400155E9B /* NFirestoreManager.swift */; };
		8931249C2862422E00155E9B /* VideoModel.swift in Sources */ = {isa = PBXBuildFile; fileRef = 8931249B2862422E00155E9B /* VideoModel.swift */; };
		893124A02862CBAF00155E9B /* Joji - Can't Get Over You (Official Video).mp4 in Resources */ = {isa = PBXBuildFile; fileRef = 8931249F2862456C00155E9B /* Joji - Can't Get Over You (Official Video).mp4 */; };
		893124A12862CBB500155E9B /* Joji - Slow Dancing in the Dark (Live).mp4 in Resources */ = {isa = PBXBuildFile; fileRef = 8931249D286243A900155E9B /* Joji - Slow Dancing in the Dark (Live).mp4 */; };
		893124A22862CBB800155E9B /* Joji - Slow Dancing in the Dark (Official Video).mp4 in Resources */ = {isa = PBXBuildFile; fileRef = 8931249E286243AA00155E9B /* Joji - Slow Dancing in the Dark (Official Video).mp4 */; };
		893124A42863250C00155E9B /* VideoManager.swift in Sources */ = {isa = PBXBuildFile; fileRef = 893124A32863250C00155E9B /* VideoManager.swift */; };
		893124A62865C92100155E9B /* TestCard.swift in Sources */ = {isa = PBXBuildFile; fileRef = 893124A52865C92100155E9B /* TestCard.swift */; };
		893124AA2865CA2100155E9B /* TestHorizontalCardsView.swift in Sources */ = {isa = PBXBuildFile; fileRef = 893124A92865CA2100155E9B /* TestHorizontalCardsView.swift */; };
		893124AC2865ED8A00155E9B /* ZStackTestView.swift in Sources */ = {isa = PBXBuildFile; fileRef = 893124AB2865ED8A00155E9B /* ZStackTestView.swift */; };
		8932A978286C19C8008E437B /* Lcl_HomeView.swift in Sources */ = {isa = PBXBuildFile; fileRef = 8932A977286C19C8008E437B /* Lcl_HomeView.swift */; };
		8932A97A286C5AAE008E437B /* RecentLocalCard.swift in Sources */ = {isa = PBXBuildFile; fileRef = 8932A979286C5AAE008E437B /* RecentLocalCard.swift */; };
		8932A97C286C5E9A008E437B /* Thor Love and Thunder (Official Teaser 1).mp4 in Resources */ = {isa = PBXBuildFile; fileRef = 8932A97B286C5E99008E437B /* Thor Love and Thunder (Official Teaser 1).mp4 */; };
		8932A97E286C6122008E437B /* Michael Bliss - iPhone 12 Pro Video Test - California Travel Vlog (Clipped).mp4 in Resources */ = {isa = PBXBuildFile; fileRef = 8932A97D286C6122008E437B /* Michael Bliss - iPhone 12 Pro Video Test - California Travel Vlog (Clipped).mp4 */; };
		8932A981286C67B5008E437B /* Lcl_VideoView.swift in Sources */ = {isa = PBXBuildFile; fileRef = 8932A980286C67B5008E437B /* Lcl_VideoView.swift */; };
		8932A983286C86CD008E437B /* TestVideoView.swift in Sources */ = {isa = PBXBuildFile; fileRef = 8932A982286C86CD008E437B /* TestVideoView.swift */; };
		8932A98B286C8D7C008E437B /* Thor Love and Thunder - Behind The Scenes (1).mp4 in Resources */ = {isa = PBXBuildFile; fileRef = 8932A984286C8D79008E437B /* Thor Love and Thunder - Behind The Scenes (1).mp4 */; };
		8932A98C286C8D7C008E437B /* Hiroyuki Sawano - Project【emU】 “Attack on Titan” suite (clipped).mp4 in Resources */ = {isa = PBXBuildFile; fileRef = 8932A985286C8D79008E437B /* Hiroyuki Sawano - Project【emU】 “Attack on Titan” suite (clipped).mp4 */; };
		8932A98D286C8D7C008E437B /* VFX Artists React to TOLLYWOOD Bad and Great CGi (clipped).mp4 in Resources */ = {isa = PBXBuildFile; fileRef = 8932A986286C8D7A008E437B /* VFX Artists React to TOLLYWOOD Bad and Great CGi (clipped).mp4 */; };
		8932A98E286C8D7C008E437B /* Thor Love And Thunder – Interviews _ Chris Hemsworth, Taika Waititi, Tessa Thompson And More! (Clipped).mp4 in Resources */ = {isa = PBXBuildFile; fileRef = 8932A987286C8D7A008E437B /* Thor Love And Thunder – Interviews _ Chris Hemsworth, Taika Waititi, Tessa Thompson And More! (Clipped).mp4 */; };
		8932A98F286C8D7C008E437B /* Ethan Becker - Draw Gesture (clipped).mp4 in Resources */ = {isa = PBXBuildFile; fileRef = 8932A988286C8D7A008E437B /* Ethan Becker - Draw Gesture (clipped).mp4 */; };
		8932A990286C8D7C008E437B /* Poki.Han - PROCREATE SPEEDPAINT ❥ POKI.HAN (1).mp4 in Resources */ = {isa = PBXBuildFile; fileRef = 8932A989286C8D7B008E437B /* Poki.Han - PROCREATE SPEEDPAINT ❥ POKI.HAN (1).mp4 */; };
		8932A991286C8D7C008E437B /* The Weeknd - Blinding Lights  (Live at Coachella 2022).mp4 in Resources */ = {isa = PBXBuildFile; fileRef = 8932A98A286C8D7C008E437B /* The Weeknd - Blinding Lights  (Live at Coachella 2022).mp4 */; };
		8932A993286C90B7008E437B /* VideoView.swift in Sources */ = {isa = PBXBuildFile; fileRef = 8932A992286C90B7008E437B /* VideoView.swift */; };
		8932A995286CA812008E437B /* TestView2.swift in Sources */ = {isa = PBXBuildFile; fileRef = 8932A994286CA812008E437B /* TestView2.swift */; };
		893D45E7285B8509000EF7AA /* FirestoreManager.swift in Sources */ = {isa = PBXBuildFile; fileRef = 893D45E6285B8509000EF7AA /* FirestoreManager.swift */; };
		893D45E8285B8509000EF7AA /* FirestoreManager.swift in Sources */ = {isa = PBXBuildFile; fileRef = 893D45E6285B8509000EF7AA /* FirestoreManager.swift */; };
		893D45E9285B8509000EF7AA /* FirestoreManager.swift in Sources */ = {isa = PBXBuildFile; fileRef = 893D45E6285B8509000EF7AA /* FirestoreManager.swift */; };
		894076C4285870490036A670 /* Joji - Glimpse of Us (Official Video).mp4 in Resources */ = {isa = PBXBuildFile; fileRef = 894076C3285870490036A670 /* Joji - Glimpse of Us (Official Video).mp4 */; };
		894076C8285870F20036A670 /* RecentCard.swift in Sources */ = {isa = PBXBuildFile; fileRef = 894076C7285870F20036A670 /* RecentCard.swift */; };
		894A1DF128793CE000F80433 /* test_userImageView.swift in Sources */ = {isa = PBXBuildFile; fileRef = 894A1DF028793CE000F80433 /* test_userImageView.swift */; };
		894A1DF528795AA100F80433 /* legacyViews.swift in Sources */ = {isa = PBXBuildFile; fileRef = 894A1DF428795AA100F80433 /* legacyViews.swift */; };
		896F60BE285E1F4B00E99095 /* FirebaseStorageManager.swift in Sources */ = {isa = PBXBuildFile; fileRef = 896F60BD285E1F4B00E99095 /* FirebaseStorageManager.swift */; };
		896F60BF285E1F4B00E99095 /* FirebaseStorageManager.swift in Sources */ = {isa = PBXBuildFile; fileRef = 896F60BD285E1F4B00E99095 /* FirebaseStorageManager.swift */; };
		896F60C0285E1F4B00E99095 /* FirebaseStorageManager.swift in Sources */ = {isa = PBXBuildFile; fileRef = 896F60BD285E1F4B00E99095 /* FirebaseStorageManager.swift */; };
		89790C5128546AF9007853BA /* WhiteTigerApp.swift in Sources */ = {isa = PBXBuildFile; fileRef = 89790C5028546AF8007853BA /* WhiteTigerApp.swift */; };
		89790C5328546AF9007853BA /* ContentView.swift in Sources */ = {isa = PBXBuildFile; fileRef = 89790C5228546AF9007853BA /* ContentView.swift */; };
		89790C5528546AF9007853BA /* Assets.xcassets in Resources */ = {isa = PBXBuildFile; fileRef = 89790C5428546AF9007853BA /* Assets.xcassets */; };
		89790C5828546AF9007853BA /* Preview Assets.xcassets in Resources */ = {isa = PBXBuildFile; fileRef = 89790C5728546AF9007853BA /* Preview Assets.xcassets */; };
		89790C6228546AF9007853BA /* WhiteTigerTests.swift in Sources */ = {isa = PBXBuildFile; fileRef = 89790C6128546AF9007853BA /* WhiteTigerTests.swift */; };
		89790C6C28546AF9007853BA /* WhiteTigerUITests.swift in Sources */ = {isa = PBXBuildFile; fileRef = 89790C6B28546AF9007853BA /* WhiteTigerUITests.swift */; };
		89790C6E28546AF9007853BA /* WhiteTigerUITestsLaunchTests.swift in Sources */ = {isa = PBXBuildFile; fileRef = 89790C6D28546AF9007853BA /* WhiteTigerUITestsLaunchTests.swift */; };
		89790C7B28546B80007853BA /* ArtistMainView.swift in Sources */ = {isa = PBXBuildFile; fileRef = 89790C7A28546B80007853BA /* ArtistMainView.swift */; };
		89790C7D285471DA007853BA /* TestView.swift in Sources */ = {isa = PBXBuildFile; fileRef = 89790C7C285471DA007853BA /* TestView.swift */; };
		89790C802854E7A5007853BA /* shapes.riv in Resources */ = {isa = PBXBuildFile; fileRef = 89790C7F2854E7A4007853BA /* shapes.riv */; };
		89790C832854E908007853BA /* RiveRuntime in Frameworks */ = {isa = PBXBuildFile; productRef = 89790C822854E908007853BA /* RiveRuntime */; };
		89790C852855AED0007853BA /* ArtistProfileCard.swift in Sources */ = {isa = PBXBuildFile; fileRef = 89790C842855AED0007853BA /* ArtistProfileCard.swift */; };
		89795E252872B7F4004BD9B2 /* MatchedView.swift in Sources */ = {isa = PBXBuildFile; fileRef = 89795E242872B7F4004BD9B2 /* MatchedView.swift */; };
		89795E272872BFA6004BD9B2 /* Lcl_ArtistMainView.swift in Sources */ = {isa = PBXBuildFile; fileRef = 89795E262872BFA6004BD9B2 /* Lcl_ArtistMainView.swift */; };
		89795E2B287800A6004BD9B2 /* Lcl_TestHomeView.swift in Sources */ = {isa = PBXBuildFile; fileRef = 89795E2A287800A6004BD9B2 /* Lcl_TestHomeView.swift */; };
		89DFAB8A286F62EB00776758 /* Lcl_ArtistProfileCard.swift in Sources */ = {isa = PBXBuildFile; fileRef = 89DFAB89286F62EB00776758 /* Lcl_ArtistProfileCard.swift */; };
/* End PBXBuildFile section */

/* Begin PBXContainerItemProxy section */
		89790C5E28546AF9007853BA /* PBXContainerItemProxy */ = {
			isa = PBXContainerItemProxy;
			containerPortal = 89790C4528546AF8007853BA /* Project object */;
			proxyType = 1;
			remoteGlobalIDString = 89790C4C28546AF8007853BA;
			remoteInfo = WhiteTiger;
		};
		89790C6828546AF9007853BA /* PBXContainerItemProxy */ = {
			isa = PBXContainerItemProxy;
			containerPortal = 89790C4528546AF8007853BA /* Project object */;
			proxyType = 1;
			remoteGlobalIDString = 89790C4C28546AF8007853BA;
			remoteInfo = WhiteTiger;
		};
/* End PBXContainerItemProxy section */

/* Begin PBXFileReference section */
		89049942286ECD230031FF2E /* Lcl_HomeVideoPreviewCard.swift */ = {isa = PBXFileReference; lastKnownFileType = sourcecode.swift; path = Lcl_HomeVideoPreviewCard.swift; sourceTree = "<group>"; };
		8904994E286EE3390031FF2E /* Extensions.swift */ = {isa = PBXFileReference; lastKnownFileType = sourcecode.swift; path = Extensions.swift; sourceTree = "<group>"; };
		89049950286EE4A20031FF2E /* Lcl_VideoView_Home.swift */ = {isa = PBXFileReference; lastKnownFileType = sourcecode.swift; path = Lcl_VideoView_Home.swift; sourceTree = "<group>"; };
		891A4C7C285B080800538E38 /* GoogleService-Info.plist */ = {isa = PBXFileReference; fileEncoding = 4; lastKnownFileType = text.plist.xml; path = "GoogleService-Info.plist"; sourceTree = "<group>"; };
		891A4C80285B088B00538E38 /* UserModel.swift */ = {isa = PBXFileReference; lastKnownFileType = sourcecode.swift; path = UserModel.swift; sourceTree = "<group>"; };
		893124992861A45400155E9B /* NFirestoreManager.swift */ = {isa = PBXFileReference; lastKnownFileType = sourcecode.swift; path = NFirestoreManager.swift; sourceTree = "<group>"; };
		8931249B2862422E00155E9B /* VideoModel.swift */ = {isa = PBXFileReference; lastKnownFileType = sourcecode.swift; path = VideoModel.swift; sourceTree = "<group>"; };
		8931249D286243A900155E9B /* Joji - Slow Dancing in the Dark (Live).mp4 */ = {isa = PBXFileReference; lastKnownFileType = file; path = "Joji - Slow Dancing in the Dark (Live).mp4"; sourceTree = "<group>"; };
		8931249E286243AA00155E9B /* Joji - Slow Dancing in the Dark (Official Video).mp4 */ = {isa = PBXFileReference; lastKnownFileType = file; path = "Joji - Slow Dancing in the Dark (Official Video).mp4"; sourceTree = "<group>"; };
		8931249F2862456C00155E9B /* Joji - Can't Get Over You (Official Video).mp4 */ = {isa = PBXFileReference; lastKnownFileType = file; path = "Joji - Can't Get Over You (Official Video).mp4"; sourceTree = "<group>"; };
		893124A32863250C00155E9B /* VideoManager.swift */ = {isa = PBXFileReference; lastKnownFileType = sourcecode.swift; path = VideoManager.swift; sourceTree = "<group>"; };
		893124A52865C92100155E9B /* TestCard.swift */ = {isa = PBXFileReference; lastKnownFileType = sourcecode.swift; path = TestCard.swift; sourceTree = "<group>"; };
		893124A92865CA2100155E9B /* TestHorizontalCardsView.swift */ = {isa = PBXFileReference; lastKnownFileType = sourcecode.swift; path = TestHorizontalCardsView.swift; sourceTree = "<group>"; };
		893124AB2865ED8A00155E9B /* ZStackTestView.swift */ = {isa = PBXFileReference; lastKnownFileType = sourcecode.swift; path = ZStackTestView.swift; sourceTree = "<group>"; };
		8932A977286C19C8008E437B /* Lcl_HomeView.swift */ = {isa = PBXFileReference; lastKnownFileType = sourcecode.swift; path = Lcl_HomeView.swift; sourceTree = "<group>"; };
		8932A979286C5AAE008E437B /* RecentLocalCard.swift */ = {isa = PBXFileReference; lastKnownFileType = sourcecode.swift; path = RecentLocalCard.swift; sourceTree = "<group>"; };
		8932A97B286C5E99008E437B /* Thor Love and Thunder (Official Teaser 1).mp4 */ = {isa = PBXFileReference; lastKnownFileType = file; path = "Thor Love and Thunder (Official Teaser 1).mp4"; sourceTree = "<group>"; };
		8932A97D286C6122008E437B /* Michael Bliss - iPhone 12 Pro Video Test - California Travel Vlog (Clipped).mp4 */ = {isa = PBXFileReference; lastKnownFileType = file; path = "Michael Bliss - iPhone 12 Pro Video Test - California Travel Vlog (Clipped).mp4"; sourceTree = "<group>"; };
		8932A980286C67B5008E437B /* Lcl_VideoView.swift */ = {isa = PBXFileReference; lastKnownFileType = sourcecode.swift; path = Lcl_VideoView.swift; sourceTree = "<group>"; };
		8932A982286C86CD008E437B /* TestVideoView.swift */ = {isa = PBXFileReference; lastKnownFileType = sourcecode.swift; path = TestVideoView.swift; sourceTree = "<group>"; };
		8932A984286C8D79008E437B /* Thor Love and Thunder - Behind The Scenes (1).mp4 */ = {isa = PBXFileReference; lastKnownFileType = file; path = "Thor Love and Thunder - Behind The Scenes (1).mp4"; sourceTree = "<group>"; };
		8932A985286C8D79008E437B /* Hiroyuki Sawano - Project【emU】 “Attack on Titan” suite (clipped).mp4 */ = {isa = PBXFileReference; lastKnownFileType = file; path = "Hiroyuki Sawano - Project【emU】 “Attack on Titan” suite (clipped).mp4"; sourceTree = "<group>"; };
		8932A986286C8D7A008E437B /* VFX Artists React to TOLLYWOOD Bad and Great CGi (clipped).mp4 */ = {isa = PBXFileReference; lastKnownFileType = file; path = "VFX Artists React to TOLLYWOOD Bad and Great CGi (clipped).mp4"; sourceTree = "<group>"; };
		8932A987286C8D7A008E437B /* Thor Love And Thunder – Interviews _ Chris Hemsworth, Taika Waititi, Tessa Thompson And More! (Clipped).mp4 */ = {isa = PBXFileReference; lastKnownFileType = file; path = "Thor Love And Thunder – Interviews _ Chris Hemsworth, Taika Waititi, Tessa Thompson And More! (Clipped).mp4"; sourceTree = "<group>"; };
		8932A988286C8D7A008E437B /* Ethan Becker - Draw Gesture (clipped).mp4 */ = {isa = PBXFileReference; lastKnownFileType = file; path = "Ethan Becker - Draw Gesture (clipped).mp4"; sourceTree = "<group>"; };
		8932A989286C8D7B008E437B /* Poki.Han - PROCREATE SPEEDPAINT ❥ POKI.HAN (1).mp4 */ = {isa = PBXFileReference; lastKnownFileType = file; path = "Poki.Han - PROCREATE SPEEDPAINT ❥ POKI.HAN (1).mp4"; sourceTree = "<group>"; };
		8932A98A286C8D7C008E437B /* The Weeknd - Blinding Lights  (Live at Coachella 2022).mp4 */ = {isa = PBXFileReference; lastKnownFileType = file; path = "The Weeknd - Blinding Lights  (Live at Coachella 2022).mp4"; sourceTree = "<group>"; };
		8932A992286C90B7008E437B /* VideoView.swift */ = {isa = PBXFileReference; lastKnownFileType = sourcecode.swift; path = VideoView.swift; sourceTree = "<group>"; };
		8932A994286CA812008E437B /* TestView2.swift */ = {isa = PBXFileReference; lastKnownFileType = sourcecode.swift; path = TestView2.swift; sourceTree = "<group>"; };
		893D45E6285B8509000EF7AA /* FirestoreManager.swift */ = {isa = PBXFileReference; lastKnownFileType = sourcecode.swift; path = FirestoreManager.swift; sourceTree = "<group>"; };
		894076C3285870490036A670 /* Joji - Glimpse of Us (Official Video).mp4 */ = {isa = PBXFileReference; lastKnownFileType = file; name = "Joji - Glimpse of Us (Official Video).mp4"; path = "VideoAssets/Joji/Joji - Glimpse of Us (Official Video).mp4"; sourceTree = SOURCE_ROOT; };
		894076C7285870F20036A670 /* RecentCard.swift */ = {isa = PBXFileReference; lastKnownFileType = sourcecode.swift; path = RecentCard.swift; sourceTree = "<group>"; };
		894A1DF028793CE000F80433 /* test_userImageView.swift */ = {isa = PBXFileReference; lastKnownFileType = sourcecode.swift; path = test_userImageView.swift; sourceTree = "<group>"; };
		894A1DF428795AA100F80433 /* legacyViews.swift */ = {isa = PBXFileReference; lastKnownFileType = sourcecode.swift; path = legacyViews.swift; sourceTree = "<group>"; };
		896F60BD285E1F4B00E99095 /* FirebaseStorageManager.swift */ = {isa = PBXFileReference; lastKnownFileType = sourcecode.swift; path = FirebaseStorageManager.swift; sourceTree = "<group>"; };
		89790C4D28546AF8007853BA /* WhiteTiger.app */ = {isa = PBXFileReference; explicitFileType = wrapper.application; includeInIndex = 0; path = WhiteTiger.app; sourceTree = BUILT_PRODUCTS_DIR; };
		89790C5028546AF8007853BA /* WhiteTigerApp.swift */ = {isa = PBXFileReference; lastKnownFileType = sourcecode.swift; path = WhiteTigerApp.swift; sourceTree = "<group>"; };
		89790C5228546AF9007853BA /* ContentView.swift */ = {isa = PBXFileReference; lastKnownFileType = sourcecode.swift; path = ContentView.swift; sourceTree = "<group>"; };
		89790C5428546AF9007853BA /* Assets.xcassets */ = {isa = PBXFileReference; lastKnownFileType = folder.assetcatalog; path = Assets.xcassets; sourceTree = "<group>"; };
		89790C5728546AF9007853BA /* Preview Assets.xcassets */ = {isa = PBXFileReference; lastKnownFileType = folder.assetcatalog; path = "Preview Assets.xcassets"; sourceTree = "<group>"; };
		89790C5D28546AF9007853BA /* WhiteTigerTests.xctest */ = {isa = PBXFileReference; explicitFileType = wrapper.cfbundle; includeInIndex = 0; path = WhiteTigerTests.xctest; sourceTree = BUILT_PRODUCTS_DIR; };
		89790C6128546AF9007853BA /* WhiteTigerTests.swift */ = {isa = PBXFileReference; lastKnownFileType = sourcecode.swift; path = WhiteTigerTests.swift; sourceTree = "<group>"; };
		89790C6728546AF9007853BA /* WhiteTigerUITests.xctest */ = {isa = PBXFileReference; explicitFileType = wrapper.cfbundle; includeInIndex = 0; path = WhiteTigerUITests.xctest; sourceTree = BUILT_PRODUCTS_DIR; };
		89790C6B28546AF9007853BA /* WhiteTigerUITests.swift */ = {isa = PBXFileReference; lastKnownFileType = sourcecode.swift; path = WhiteTigerUITests.swift; sourceTree = "<group>"; };
		89790C6D28546AF9007853BA /* WhiteTigerUITestsLaunchTests.swift */ = {isa = PBXFileReference; lastKnownFileType = sourcecode.swift; path = WhiteTigerUITestsLaunchTests.swift; sourceTree = "<group>"; };
		89790C7A28546B80007853BA /* ArtistMainView.swift */ = {isa = PBXFileReference; lastKnownFileType = sourcecode.swift; path = ArtistMainView.swift; sourceTree = "<group>"; };
		89790C7C285471DA007853BA /* TestView.swift */ = {isa = PBXFileReference; lastKnownFileType = sourcecode.swift; path = TestView.swift; sourceTree = "<group>"; };
		89790C7F2854E7A4007853BA /* shapes.riv */ = {isa = PBXFileReference; lastKnownFileType = file; path = shapes.riv; sourceTree = "<group>"; };
		89790C842855AED0007853BA /* ArtistProfileCard.swift */ = {isa = PBXFileReference; lastKnownFileType = sourcecode.swift; path = ArtistProfileCard.swift; sourceTree = "<group>"; };
		89795E242872B7F4004BD9B2 /* MatchedView.swift */ = {isa = PBXFileReference; lastKnownFileType = sourcecode.swift; path = MatchedView.swift; sourceTree = "<group>"; };
		89795E262872BFA6004BD9B2 /* Lcl_ArtistMainView.swift */ = {isa = PBXFileReference; lastKnownFileType = sourcecode.swift; path = Lcl_ArtistMainView.swift; sourceTree = "<group>"; };
		89795E2A287800A6004BD9B2 /* Lcl_TestHomeView.swift */ = {isa = PBXFileReference; lastKnownFileType = sourcecode.swift; path = Lcl_TestHomeView.swift; sourceTree = "<group>"; };
		89DFAB89286F62EB00776758 /* Lcl_ArtistProfileCard.swift */ = {isa = PBXFileReference; lastKnownFileType = sourcecode.swift; path = Lcl_ArtistProfileCard.swift; sourceTree = "<group>"; };
/* End PBXFileReference section */

/* Begin PBXFrameworksBuildPhase section */
		89790C4A28546AF8007853BA /* Frameworks */ = {
			isa = PBXFrameworksBuildPhase;
			buildActionMask = 2147483647;
			files = (
				891A4C66285B019800538E38 /* FirebaseDatabaseSwift in Frameworks */,
				891A4C5E285B019800538E38 /* FirebaseAppCheck in Frameworks */,
				891A4C74285B019800538E38 /* FirebasePerformance in Frameworks */,
				891A4C72285B019800538E38 /* FirebaseMessaging in Frameworks */,
				891A4C70285B019800538E38 /* FirebaseInstallations in Frameworks */,
				891A4C60285B019800538E38 /* FirebaseAuth in Frameworks */,
				891A4C6E285B019800538E38 /* FirebaseFunctions in Frameworks */,
				891A4C76285B019800538E38 /* FirebaseRemoteConfig in Frameworks */,
				891A4C6A285B019800538E38 /* FirebaseFirestore in Frameworks */,
				891A4C78285B019800538E38 /* FirebaseRemoteConfigSwift in Frameworks */,
				891A4C5C285B019800538E38 /* FirebaseAnalyticsSwift in Frameworks */,
				891A4C7A285B019800538E38 /* FirebaseStorage in Frameworks */,
				891A4C6C285B019800538E38 /* FirebaseFirestoreSwift in Frameworks */,
				891A4C62285B019800538E38 /* FirebaseCrashlytics in Frameworks */,
				891A4C68285B019800538E38 /* FirebaseDynamicLinks in Frameworks */,
				891A4C5A285B019800538E38 /* FirebaseAnalytics in Frameworks */,
				891A4C64285B019800538E38 /* FirebaseDatabase in Frameworks */,
				89790C832854E908007853BA /* RiveRuntime in Frameworks */,
			);
			runOnlyForDeploymentPostprocessing = 0;
		};
		89790C5A28546AF9007853BA /* Frameworks */ = {
			isa = PBXFrameworksBuildPhase;
			buildActionMask = 2147483647;
			files = (
			);
			runOnlyForDeploymentPostprocessing = 0;
		};
		89790C6428546AF9007853BA /* Frameworks */ = {
			isa = PBXFrameworksBuildPhase;
			buildActionMask = 2147483647;
			files = (
			);
			runOnlyForDeploymentPostprocessing = 0;
		};
/* End PBXFrameworksBuildPhase section */

/* Begin PBXGroup section */
		891A4C7B285B04D200538E38 /* Models */ = {
			isa = PBXGroup;
			children = (
				891A4C80285B088B00538E38 /* UserModel.swift */,
				8931249B2862422E00155E9B /* VideoModel.swift */,
			);
			path = Models;
			sourceTree = "<group>";
		};
		893124A72865C99C00155E9B /* LegacyFirebaseManagers */ = {
			isa = PBXGroup;
			children = (
				893D45E6285B8509000EF7AA /* FirestoreManager.swift */,
				896F60BD285E1F4B00E99095 /* FirebaseStorageManager.swift */,
			);
			path = LegacyFirebaseManagers;
			sourceTree = "<group>";
		};
		893124A82865C9E100155E9B /* TestViews */ = {
			isa = PBXGroup;
			children = (
				89790C7C285471DA007853BA /* TestView.swift */,
				8932A994286CA812008E437B /* TestView2.swift */,
				894A1DF028793CE000F80433 /* test_userImageView.swift */,
				893124A52865C92100155E9B /* TestCard.swift */,
				893124A92865CA2100155E9B /* TestHorizontalCardsView.swift */,
				893124AB2865ED8A00155E9B /* ZStackTestView.swift */,
				894A1DF428795AA100F80433 /* legacyViews.swift */,
			);
			path = TestViews;
			sourceTree = "<group>";
		};
		8932A97F286C66CB008E437B /* Joji */ = {
			isa = PBXGroup;
			children = (
				894076C3285870490036A670 /* Joji - Glimpse of Us (Official Video).mp4 */,
				8931249F2862456C00155E9B /* Joji - Can't Get Over You (Official Video).mp4 */,
				8931249D286243A900155E9B /* Joji - Slow Dancing in the Dark (Live).mp4 */,
				8931249E286243AA00155E9B /* Joji - Slow Dancing in the Dark (Official Video).mp4 */,
			);
			path = Joji;
			sourceTree = "<group>";
		};
		894076C2285870230036A670 /* VideoAssets */ = {
			isa = PBXGroup;
			children = (
				8932A988286C8D7A008E437B /* Ethan Becker - Draw Gesture (clipped).mp4 */,
				8932A985286C8D79008E437B /* Hiroyuki Sawano - Project【emU】 “Attack on Titan” suite (clipped).mp4 */,
				8932A989286C8D7B008E437B /* Poki.Han - PROCREATE SPEEDPAINT ❥ POKI.HAN (1).mp4 */,
				8932A98A286C8D7C008E437B /* The Weeknd - Blinding Lights  (Live at Coachella 2022).mp4 */,
				8932A984286C8D79008E437B /* Thor Love and Thunder - Behind The Scenes (1).mp4 */,
				8932A987286C8D7A008E437B /* Thor Love And Thunder – Interviews _ Chris Hemsworth, Taika Waititi, Tessa Thompson And More! (Clipped).mp4 */,
				8932A986286C8D7A008E437B /* VFX Artists React to TOLLYWOOD Bad and Great CGi (clipped).mp4 */,
				8932A97D286C6122008E437B /* Michael Bliss - iPhone 12 Pro Video Test - California Travel Vlog (Clipped).mp4 */,
				8932A97B286C5E99008E437B /* Thor Love and Thunder (Official Teaser 1).mp4 */,
				8932A97F286C66CB008E437B /* Joji */,
			);
			path = VideoAssets;
			sourceTree = "<group>";
		};
		894A1DF62879898C00F80433 /* Local Version */ = {
			isa = PBXGroup;
			children = (
				89049942286ECD230031FF2E /* Lcl_HomeVideoPreviewCard.swift */,
				89DFAB89286F62EB00776758 /* Lcl_ArtistProfileCard.swift */,
				89795E262872BFA6004BD9B2 /* Lcl_ArtistMainView.swift */,
				8932A980286C67B5008E437B /* Lcl_VideoView.swift */,
				89049950286EE4A20031FF2E /* Lcl_VideoView_Home.swift */,
				8932A977286C19C8008E437B /* Lcl_HomeView.swift */,
				89795E2A287800A6004BD9B2 /* Lcl_TestHomeView.swift */,
			);
			path = "Local Version";
			sourceTree = "<group>";
		};
		89790C4428546AF8007853BA = {
			isa = PBXGroup;
			children = (
				89790C4F28546AF8007853BA /* WhiteTiger */,
				894076C2285870230036A670 /* VideoAssets */,
				89790C7E2854E734007853BA /* RiveAssets */,
				89790C6028546AF9007853BA /* WhiteTigerTests */,
				89790C6A28546AF9007853BA /* WhiteTigerUITests */,
				89790C4E28546AF8007853BA /* Products */,
			);
			sourceTree = "<group>";
		};
		89790C4E28546AF8007853BA /* Products */ = {
			isa = PBXGroup;
			children = (
				89790C4D28546AF8007853BA /* WhiteTiger.app */,
				89790C5D28546AF9007853BA /* WhiteTigerTests.xctest */,
				89790C6728546AF9007853BA /* WhiteTigerUITests.xctest */,
			);
			name = Products;
			sourceTree = "<group>";
		};
		89790C4F28546AF8007853BA /* WhiteTiger */ = {
			isa = PBXGroup;
			children = (
				891A4C7C285B080800538E38 /* GoogleService-Info.plist */,
				894A1DF62879898C00F80433 /* Local Version */,
				89790C5028546AF8007853BA /* WhiteTigerApp.swift */,
				8932A982286C86CD008E437B /* TestVideoView.swift */,
				893124992861A45400155E9B /* NFirestoreManager.swift */,
				89790C5228546AF9007853BA /* ContentView.swift */,
				89790C7A28546B80007853BA /* ArtistMainView.swift */,
				89790C842855AED0007853BA /* ArtistProfileCard.swift */,
				89795E242872B7F4004BD9B2 /* MatchedView.swift */,
				894076C7285870F20036A670 /* RecentCard.swift */,
				8932A979286C5AAE008E437B /* RecentLocalCard.swift */,
				893124A32863250C00155E9B /* VideoManager.swift */,
				8932A992286C90B7008E437B /* VideoView.swift */,
				8904994E286EE3390031FF2E /* Extensions.swift */,
				893124A72865C99C00155E9B /* LegacyFirebaseManagers */,
				893124A82865C9E100155E9B /* TestViews */,
				89790C5428546AF9007853BA /* Assets.xcassets */,
				891A4C7B285B04D200538E38 /* Models */,
				89790C5628546AF9007853BA /* Preview Content */,
			);
			path = WhiteTiger;
			sourceTree = "<group>";
		};
		89790C5628546AF9007853BA /* Preview Content */ = {
			isa = PBXGroup;
			children = (
				89790C5728546AF9007853BA /* Preview Assets.xcassets */,
			);
			path = "Preview Content";
			sourceTree = "<group>";
		};
		89790C6028546AF9007853BA /* WhiteTigerTests */ = {
			isa = PBXGroup;
			children = (
				89790C6128546AF9007853BA /* WhiteTigerTests.swift */,
			);
			path = WhiteTigerTests;
			sourceTree = "<group>";
		};
		89790C6A28546AF9007853BA /* WhiteTigerUITests */ = {
			isa = PBXGroup;
			children = (
				89790C6B28546AF9007853BA /* WhiteTigerUITests.swift */,
				89790C6D28546AF9007853BA /* WhiteTigerUITestsLaunchTests.swift */,
			);
			path = WhiteTigerUITests;
			sourceTree = "<group>";
		};
		89790C7E2854E734007853BA /* RiveAssets */ = {
			isa = PBXGroup;
			children = (
				89790C7F2854E7A4007853BA /* shapes.riv */,
			);
			path = RiveAssets;
			sourceTree = "<group>";
		};
/* End PBXGroup section */

/* Begin PBXNativeTarget section */
		89790C4C28546AF8007853BA /* WhiteTiger */ = {
			isa = PBXNativeTarget;
			buildConfigurationList = 89790C7128546AF9007853BA /* Build configuration list for PBXNativeTarget "WhiteTiger" */;
			buildPhases = (
				89790C4928546AF8007853BA /* Sources */,
				89790C4A28546AF8007853BA /* Frameworks */,
				89790C4B28546AF8007853BA /* Resources */,
			);
			buildRules = (
			);
			dependencies = (
			);
			name = WhiteTiger;
			packageProductDependencies = (
				89790C822854E908007853BA /* RiveRuntime */,
				891A4C59285B019800538E38 /* FirebaseAnalytics */,
				891A4C5B285B019800538E38 /* FirebaseAnalyticsSwift */,
				891A4C5D285B019800538E38 /* FirebaseAppCheck */,
				891A4C5F285B019800538E38 /* FirebaseAuth */,
				891A4C61285B019800538E38 /* FirebaseCrashlytics */,
				891A4C63285B019800538E38 /* FirebaseDatabase */,
				891A4C65285B019800538E38 /* FirebaseDatabaseSwift */,
				891A4C67285B019800538E38 /* FirebaseDynamicLinks */,
				891A4C69285B019800538E38 /* FirebaseFirestore */,
				891A4C6B285B019800538E38 /* FirebaseFirestoreSwift */,
				891A4C6D285B019800538E38 /* FirebaseFunctions */,
				891A4C6F285B019800538E38 /* FirebaseInstallations */,
				891A4C71285B019800538E38 /* FirebaseMessaging */,
				891A4C73285B019800538E38 /* FirebasePerformance */,
				891A4C75285B019800538E38 /* FirebaseRemoteConfig */,
				891A4C77285B019800538E38 /* FirebaseRemoteConfigSwift */,
				891A4C79285B019800538E38 /* FirebaseStorage */,
			);
			productName = WhiteTiger;
			productReference = 89790C4D28546AF8007853BA /* WhiteTiger.app */;
			productType = "com.apple.product-type.application";
		};
		89790C5C28546AF9007853BA /* WhiteTigerTests */ = {
			isa = PBXNativeTarget;
			buildConfigurationList = 89790C7428546AF9007853BA /* Build configuration list for PBXNativeTarget "WhiteTigerTests" */;
			buildPhases = (
				89790C5928546AF9007853BA /* Sources */,
				89790C5A28546AF9007853BA /* Frameworks */,
				89790C5B28546AF9007853BA /* Resources */,
			);
			buildRules = (
			);
			dependencies = (
				89790C5F28546AF9007853BA /* PBXTargetDependency */,
			);
			name = WhiteTigerTests;
			productName = WhiteTigerTests;
			productReference = 89790C5D28546AF9007853BA /* WhiteTigerTests.xctest */;
			productType = "com.apple.product-type.bundle.unit-test";
		};
		89790C6628546AF9007853BA /* WhiteTigerUITests */ = {
			isa = PBXNativeTarget;
			buildConfigurationList = 89790C7728546AF9007853BA /* Build configuration list for PBXNativeTarget "WhiteTigerUITests" */;
			buildPhases = (
				89790C6328546AF9007853BA /* Sources */,
				89790C6428546AF9007853BA /* Frameworks */,
				89790C6528546AF9007853BA /* Resources */,
			);
			buildRules = (
			);
			dependencies = (
				89790C6928546AF9007853BA /* PBXTargetDependency */,
			);
			name = WhiteTigerUITests;
			productName = WhiteTigerUITests;
			productReference = 89790C6728546AF9007853BA /* WhiteTigerUITests.xctest */;
			productType = "com.apple.product-type.bundle.ui-testing";
		};
/* End PBXNativeTarget section */

/* Begin PBXProject section */
		89790C4528546AF8007853BA /* Project object */ = {
			isa = PBXProject;
			attributes = {
				BuildIndependentTargetsInParallel = 1;
				LastSwiftUpdateCheck = 1340;
				LastUpgradeCheck = 1340;
				TargetAttributes = {
					89790C4C28546AF8007853BA = {
						CreatedOnToolsVersion = 13.4;
					};
					89790C5C28546AF9007853BA = {
						CreatedOnToolsVersion = 13.4;
						TestTargetID = 89790C4C28546AF8007853BA;
					};
					89790C6628546AF9007853BA = {
						CreatedOnToolsVersion = 13.4;
						TestTargetID = 89790C4C28546AF8007853BA;
					};
				};
			};
			buildConfigurationList = 89790C4828546AF8007853BA /* Build configuration list for PBXProject "WhiteTiger" */;
			compatibilityVersion = "Xcode 13.0";
			developmentRegion = en;
			hasScannedForEncodings = 0;
			knownRegions = (
				en,
				Base,
			);
			mainGroup = 89790C4428546AF8007853BA;
			packageReferences = (
				89790C812854E908007853BA /* XCRemoteSwiftPackageReference "rive-ios" */,
				891A4C58285B019800538E38 /* XCRemoteSwiftPackageReference "firebase-ios-sdk" */,
			);
			productRefGroup = 89790C4E28546AF8007853BA /* Products */;
			projectDirPath = "";
			projectRoot = "";
			targets = (
				89790C4C28546AF8007853BA /* WhiteTiger */,
				89790C5C28546AF9007853BA /* WhiteTigerTests */,
				89790C6628546AF9007853BA /* WhiteTigerUITests */,
			);
		};
/* End PBXProject section */

/* Begin PBXResourcesBuildPhase section */
		89790C4B28546AF8007853BA /* Resources */ = {
			isa = PBXResourcesBuildPhase;
			buildActionMask = 2147483647;
			files = (
				8932A97E286C6122008E437B /* Michael Bliss - iPhone 12 Pro Video Test - California Travel Vlog (Clipped).mp4 in Resources */,
				894076C4285870490036A670 /* Joji - Glimpse of Us (Official Video).mp4 in Resources */,
				8932A991286C8D7C008E437B /* The Weeknd - Blinding Lights  (Live at Coachella 2022).mp4 in Resources */,
				8932A98F286C8D7C008E437B /* Ethan Becker - Draw Gesture (clipped).mp4 in Resources */,
				8932A98C286C8D7C008E437B /* Hiroyuki Sawano - Project【emU】 “Attack on Titan” suite (clipped).mp4 in Resources */,
				893124A02862CBAF00155E9B /* Joji - Can't Get Over You (Official Video).mp4 in Resources */,
				89790C5828546AF9007853BA /* Preview Assets.xcassets in Resources */,
				8932A97C286C5E9A008E437B /* Thor Love and Thunder (Official Teaser 1).mp4 in Resources */,
				8932A990286C8D7C008E437B /* Poki.Han - PROCREATE SPEEDPAINT ❥ POKI.HAN (1).mp4 in Resources */,
				891A4C7D285B080800538E38 /* GoogleService-Info.plist in Resources */,
				893124A22862CBB800155E9B /* Joji - Slow Dancing in the Dark (Official Video).mp4 in Resources */,
				893124A12862CBB500155E9B /* Joji - Slow Dancing in the Dark (Live).mp4 in Resources */,
				89790C802854E7A5007853BA /* shapes.riv in Resources */,
				89790C5528546AF9007853BA /* Assets.xcassets in Resources */,
				8932A98E286C8D7C008E437B /* Thor Love And Thunder – Interviews _ Chris Hemsworth, Taika Waititi, Tessa Thompson And More! (Clipped).mp4 in Resources */,
				8932A98D286C8D7C008E437B /* VFX Artists React to TOLLYWOOD Bad and Great CGi (clipped).mp4 in Resources */,
				8932A98B286C8D7C008E437B /* Thor Love and Thunder - Behind The Scenes (1).mp4 in Resources */,
			);
			runOnlyForDeploymentPostprocessing = 0;
		};
		89790C5B28546AF9007853BA /* Resources */ = {
			isa = PBXResourcesBuildPhase;
			buildActionMask = 2147483647;
			files = (
				891A4C7E285B080800538E38 /* GoogleService-Info.plist in Resources */,
			);
			runOnlyForDeploymentPostprocessing = 0;
		};
		89790C6528546AF9007853BA /* Resources */ = {
			isa = PBXResourcesBuildPhase;
			buildActionMask = 2147483647;
			files = (
				891A4C7F285B080800538E38 /* GoogleService-Info.plist in Resources */,
			);
			runOnlyForDeploymentPostprocessing = 0;
		};
/* End PBXResourcesBuildPhase section */

/* Begin PBXSourcesBuildPhase section */
		89790C4928546AF8007853BA /* Sources */ = {
			isa = PBXSourcesBuildPhase;
			buildActionMask = 2147483647;
			files = (
				8904994F286EE3390031FF2E /* Extensions.swift in Sources */,
				893124AA2865CA2100155E9B /* TestHorizontalCardsView.swift in Sources */,
				89790C7D285471DA007853BA /* TestView.swift in Sources */,
				89795E2B287800A6004BD9B2 /* Lcl_TestHomeView.swift in Sources */,
				8932A97A286C5AAE008E437B /* RecentLocalCard.swift in Sources */,
				891A4C81285B088B00538E38 /* UserModel.swift in Sources */,
				89790C7B28546B80007853BA /* ArtistMainView.swift in Sources */,
				894A1DF528795AA100F80433 /* legacyViews.swift in Sources */,
				89790C5328546AF9007853BA /* ContentView.swift in Sources */,
				8932A981286C67B5008E437B /* Lcl_VideoView.swift in Sources */,
				894A1DF128793CE000F80433 /* test_userImageView.swift in Sources */,
				896F60BE285E1F4B00E99095 /* FirebaseStorageManager.swift in Sources */,
				89790C852855AED0007853BA /* ArtistProfileCard.swift in Sources */,
				8931249A2861A45500155E9B /* NFirestoreManager.swift in Sources */,
				8932A983286C86CD008E437B /* TestVideoView.swift in Sources */,
				8932A995286CA812008E437B /* TestView2.swift in Sources */,
				893124AC2865ED8A00155E9B /* ZStackTestView.swift in Sources */,
				894076C8285870F20036A670 /* RecentCard.swift in Sources */,
				89DFAB8A286F62EB00776758 /* Lcl_ArtistProfileCard.swift in Sources */,
				893D45E7285B8509000EF7AA /* FirestoreManager.swift in Sources */,
				89795E272872BFA6004BD9B2 /* Lcl_ArtistMainView.swift in Sources */,
				89795E252872B7F4004BD9B2 /* MatchedView.swift in Sources */,
				89790C5128546AF9007853BA /* WhiteTigerApp.swift in Sources */,
				8931249C2862422E00155E9B /* VideoModel.swift in Sources */,
				8932A993286C90B7008E437B /* VideoView.swift in Sources */,
				8932A978286C19C8008E437B /* Lcl_HomeView.swift in Sources */,
				893124A62865C92100155E9B /* TestCard.swift in Sources */,
				89049943286ECD230031FF2E /* Lcl_HomeVideoPreviewCard.swift in Sources */,
				893124A42863250C00155E9B /* VideoManager.swift in Sources */,
				89049951286EE4A20031FF2E /* Lcl_VideoView_Home.swift in Sources */,
			);
			runOnlyForDeploymentPostprocessing = 0;
		};
		89790C5928546AF9007853BA /* Sources */ = {
			isa = PBXSourcesBuildPhase;
			buildActionMask = 2147483647;
			files = (
				896F60BF285E1F4B00E99095 /* FirebaseStorageManager.swift in Sources */,
				893D45E8285B8509000EF7AA /* FirestoreManager.swift in Sources */,
				891A4C82285B088B00538E38 /* UserModel.swift in Sources */,
				89790C6228546AF9007853BA /* WhiteTigerTests.swift in Sources */,
			);
			runOnlyForDeploymentPostprocessing = 0;
		};
		89790C6328546AF9007853BA /* Sources */ = {
			isa = PBXSourcesBuildPhase;
			buildActionMask = 2147483647;
			files = (
				89790C6E28546AF9007853BA /* WhiteTigerUITestsLaunchTests.swift in Sources */,
				891A4C83285B088B00538E38 /* UserModel.swift in Sources */,
				896F60C0285E1F4B00E99095 /* FirebaseStorageManager.swift in Sources */,
				893D45E9285B8509000EF7AA /* FirestoreManager.swift in Sources */,
				89790C6C28546AF9007853BA /* WhiteTigerUITests.swift in Sources */,
			);
			runOnlyForDeploymentPostprocessing = 0;
		};
/* End PBXSourcesBuildPhase section */

/* Begin PBXTargetDependency section */
		89790C5F28546AF9007853BA /* PBXTargetDependency */ = {
			isa = PBXTargetDependency;
			target = 89790C4C28546AF8007853BA /* WhiteTiger */;
			targetProxy = 89790C5E28546AF9007853BA /* PBXContainerItemProxy */;
		};
		89790C6928546AF9007853BA /* PBXTargetDependency */ = {
			isa = PBXTargetDependency;
			target = 89790C4C28546AF8007853BA /* WhiteTiger */;
			targetProxy = 89790C6828546AF9007853BA /* PBXContainerItemProxy */;
		};
/* End PBXTargetDependency section */

/* Begin XCBuildConfiguration section */
		89790C6F28546AF9007853BA /* Debug */ = {
			isa = XCBuildConfiguration;
			buildSettings = {
				ALWAYS_SEARCH_USER_PATHS = NO;
				CLANG_ANALYZER_NONNULL = YES;
				CLANG_ANALYZER_NUMBER_OBJECT_CONVERSION = YES_AGGRESSIVE;
				CLANG_CXX_LANGUAGE_STANDARD = "gnu++17";
				CLANG_ENABLE_MODULES = YES;
				CLANG_ENABLE_OBJC_ARC = YES;
				CLANG_ENABLE_OBJC_WEAK = YES;
				CLANG_WARN_BLOCK_CAPTURE_AUTORELEASING = YES;
				CLANG_WARN_BOOL_CONVERSION = YES;
				CLANG_WARN_COMMA = YES;
				CLANG_WARN_CONSTANT_CONVERSION = YES;
				CLANG_WARN_DEPRECATED_OBJC_IMPLEMENTATIONS = YES;
				CLANG_WARN_DIRECT_OBJC_ISA_USAGE = YES_ERROR;
				CLANG_WARN_DOCUMENTATION_COMMENTS = YES;
				CLANG_WARN_EMPTY_BODY = YES;
				CLANG_WARN_ENUM_CONVERSION = YES;
				CLANG_WARN_INFINITE_RECURSION = YES;
				CLANG_WARN_INT_CONVERSION = YES;
				CLANG_WARN_NON_LITERAL_NULL_CONVERSION = YES;
				CLANG_WARN_OBJC_IMPLICIT_RETAIN_SELF = YES;
				CLANG_WARN_OBJC_LITERAL_CONVERSION = YES;
				CLANG_WARN_OBJC_ROOT_CLASS = YES_ERROR;
				CLANG_WARN_QUOTED_INCLUDE_IN_FRAMEWORK_HEADER = YES;
				CLANG_WARN_RANGE_LOOP_ANALYSIS = YES;
				CLANG_WARN_STRICT_PROTOTYPES = YES;
				CLANG_WARN_SUSPICIOUS_MOVE = YES;
				CLANG_WARN_UNGUARDED_AVAILABILITY = YES_AGGRESSIVE;
				CLANG_WARN_UNREACHABLE_CODE = YES;
				CLANG_WARN__DUPLICATE_METHOD_MATCH = YES;
				COPY_PHASE_STRIP = NO;
				DEBUG_INFORMATION_FORMAT = dwarf;
				ENABLE_STRICT_OBJC_MSGSEND = YES;
				ENABLE_TESTABILITY = YES;
				GCC_C_LANGUAGE_STANDARD = gnu11;
				GCC_DYNAMIC_NO_PIC = NO;
				GCC_NO_COMMON_BLOCKS = YES;
				GCC_OPTIMIZATION_LEVEL = 0;
				GCC_PREPROCESSOR_DEFINITIONS = (
					"DEBUG=1",
					"$(inherited)",
				);
				GCC_WARN_64_TO_32_BIT_CONVERSION = YES;
				GCC_WARN_ABOUT_RETURN_TYPE = YES_ERROR;
				GCC_WARN_UNDECLARED_SELECTOR = YES;
				GCC_WARN_UNINITIALIZED_AUTOS = YES_AGGRESSIVE;
				GCC_WARN_UNUSED_FUNCTION = YES;
				GCC_WARN_UNUSED_VARIABLE = YES;
				IPHONEOS_DEPLOYMENT_TARGET = 15.5;
				MTL_ENABLE_DEBUG_INFO = INCLUDE_SOURCE;
				MTL_FAST_MATH = YES;
				ONLY_ACTIVE_ARCH = YES;
				SDKROOT = iphoneos;
				SWIFT_ACTIVE_COMPILATION_CONDITIONS = DEBUG;
				SWIFT_OPTIMIZATION_LEVEL = "-Onone";
			};
			name = Debug;
		};
		89790C7028546AF9007853BA /* Release */ = {
			isa = XCBuildConfiguration;
			buildSettings = {
				ALWAYS_SEARCH_USER_PATHS = NO;
				CLANG_ANALYZER_NONNULL = YES;
				CLANG_ANALYZER_NUMBER_OBJECT_CONVERSION = YES_AGGRESSIVE;
				CLANG_CXX_LANGUAGE_STANDARD = "gnu++17";
				CLANG_ENABLE_MODULES = YES;
				CLANG_ENABLE_OBJC_ARC = YES;
				CLANG_ENABLE_OBJC_WEAK = YES;
				CLANG_WARN_BLOCK_CAPTURE_AUTORELEASING = YES;
				CLANG_WARN_BOOL_CONVERSION = YES;
				CLANG_WARN_COMMA = YES;
				CLANG_WARN_CONSTANT_CONVERSION = YES;
				CLANG_WARN_DEPRECATED_OBJC_IMPLEMENTATIONS = YES;
				CLANG_WARN_DIRECT_OBJC_ISA_USAGE = YES_ERROR;
				CLANG_WARN_DOCUMENTATION_COMMENTS = YES;
				CLANG_WARN_EMPTY_BODY = YES;
				CLANG_WARN_ENUM_CONVERSION = YES;
				CLANG_WARN_INFINITE_RECURSION = YES;
				CLANG_WARN_INT_CONVERSION = YES;
				CLANG_WARN_NON_LITERAL_NULL_CONVERSION = YES;
				CLANG_WARN_OBJC_IMPLICIT_RETAIN_SELF = YES;
				CLANG_WARN_OBJC_LITERAL_CONVERSION = YES;
				CLANG_WARN_OBJC_ROOT_CLASS = YES_ERROR;
				CLANG_WARN_QUOTED_INCLUDE_IN_FRAMEWORK_HEADER = YES;
				CLANG_WARN_RANGE_LOOP_ANALYSIS = YES;
				CLANG_WARN_STRICT_PROTOTYPES = YES;
				CLANG_WARN_SUSPICIOUS_MOVE = YES;
				CLANG_WARN_UNGUARDED_AVAILABILITY = YES_AGGRESSIVE;
				CLANG_WARN_UNREACHABLE_CODE = YES;
				CLANG_WARN__DUPLICATE_METHOD_MATCH = YES;
				COPY_PHASE_STRIP = NO;
				DEBUG_INFORMATION_FORMAT = "dwarf-with-dsym";
				ENABLE_NS_ASSERTIONS = NO;
				ENABLE_STRICT_OBJC_MSGSEND = YES;
				GCC_C_LANGUAGE_STANDARD = gnu11;
				GCC_NO_COMMON_BLOCKS = YES;
				GCC_WARN_64_TO_32_BIT_CONVERSION = YES;
				GCC_WARN_ABOUT_RETURN_TYPE = YES_ERROR;
				GCC_WARN_UNDECLARED_SELECTOR = YES;
				GCC_WARN_UNINITIALIZED_AUTOS = YES_AGGRESSIVE;
				GCC_WARN_UNUSED_FUNCTION = YES;
				GCC_WARN_UNUSED_VARIABLE = YES;
				IPHONEOS_DEPLOYMENT_TARGET = 15.5;
				MTL_ENABLE_DEBUG_INFO = NO;
				MTL_FAST_MATH = YES;
				SDKROOT = iphoneos;
				SWIFT_COMPILATION_MODE = wholemodule;
				SWIFT_OPTIMIZATION_LEVEL = "-O";
				VALIDATE_PRODUCT = YES;
			};
			name = Release;
		};
		89790C7228546AF9007853BA /* Debug */ = {
			isa = XCBuildConfiguration;
			buildSettings = {
				ASSETCATALOG_COMPILER_APPICON_NAME = AppIcon;
				ASSETCATALOG_COMPILER_GLOBAL_ACCENT_COLOR_NAME = AccentColor;
				CODE_SIGN_STYLE = Automatic;
				CURRENT_PROJECT_VERSION = 1;
				DEVELOPMENT_ASSET_PATHS = "\"WhiteTiger/Preview Content\"";
				DEVELOPMENT_TEAM = L4M75K683P;
				ENABLE_PREVIEWS = YES;
				GENERATE_INFOPLIST_FILE = YES;
				INFOPLIST_KEY_UIApplicationSceneManifest_Generation = YES;
				INFOPLIST_KEY_UIApplicationSupportsIndirectInputEvents = YES;
				INFOPLIST_KEY_UILaunchScreen_Generation = YES;
				INFOPLIST_KEY_UISupportedInterfaceOrientations_iPad = "UIInterfaceOrientationPortrait UIInterfaceOrientationPortraitUpsideDown UIInterfaceOrientationLandscapeLeft UIInterfaceOrientationLandscapeRight";
				INFOPLIST_KEY_UISupportedInterfaceOrientations_iPhone = "UIInterfaceOrientationPortrait UIInterfaceOrientationLandscapeLeft UIInterfaceOrientationLandscapeRight";
				IPHONEOS_DEPLOYMENT_TARGET = 15.5;
				LD_RUNPATH_SEARCH_PATHS = (
					"$(inherited)",
					"@executable_path/Frameworks",
				);
				MARKETING_VERSION = 1.0;
				PRODUCT_BUNDLE_IDENTIFIER = com.apekshik.WhiteTiger;
				PRODUCT_NAME = "$(TARGET_NAME)";
				SWIFT_EMIT_LOC_STRINGS = YES;
				SWIFT_VERSION = 5.0;
				TARGETED_DEVICE_FAMILY = "1,2";
			};
			name = Debug;
		};
		89790C7328546AF9007853BA /* Release */ = {
			isa = XCBuildConfiguration;
			buildSettings = {
				ASSETCATALOG_COMPILER_APPICON_NAME = AppIcon;
				ASSETCATALOG_COMPILER_GLOBAL_ACCENT_COLOR_NAME = AccentColor;
				CODE_SIGN_STYLE = Automatic;
				CURRENT_PROJECT_VERSION = 1;
				DEVELOPMENT_ASSET_PATHS = "\"WhiteTiger/Preview Content\"";
				DEVELOPMENT_TEAM = L4M75K683P;
				ENABLE_PREVIEWS = YES;
				GENERATE_INFOPLIST_FILE = YES;
				INFOPLIST_KEY_UIApplicationSceneManifest_Generation = YES;
				INFOPLIST_KEY_UIApplicationSupportsIndirectInputEvents = YES;
				INFOPLIST_KEY_UILaunchScreen_Generation = YES;
				INFOPLIST_KEY_UISupportedInterfaceOrientations_iPad = "UIInterfaceOrientationPortrait UIInterfaceOrientationPortraitUpsideDown UIInterfaceOrientationLandscapeLeft UIInterfaceOrientationLandscapeRight";
				INFOPLIST_KEY_UISupportedInterfaceOrientations_iPhone = "UIInterfaceOrientationPortrait UIInterfaceOrientationLandscapeLeft UIInterfaceOrientationLandscapeRight";
				IPHONEOS_DEPLOYMENT_TARGET = 15.5;
				LD_RUNPATH_SEARCH_PATHS = (
					"$(inherited)",
					"@executable_path/Frameworks",
				);
				MARKETING_VERSION = 1.0;
				PRODUCT_BUNDLE_IDENTIFIER = com.apekshik.WhiteTiger;
				PRODUCT_NAME = "$(TARGET_NAME)";
				SWIFT_EMIT_LOC_STRINGS = YES;
				SWIFT_VERSION = 5.0;
				TARGETED_DEVICE_FAMILY = "1,2";
			};
			name = Release;
		};
		89790C7528546AF9007853BA /* Debug */ = {
			isa = XCBuildConfiguration;
			buildSettings = {
				ALWAYS_EMBED_SWIFT_STANDARD_LIBRARIES = YES;
				BUNDLE_LOADER = "$(TEST_HOST)";
				CODE_SIGN_STYLE = Automatic;
				CURRENT_PROJECT_VERSION = 1;
				DEVELOPMENT_TEAM = L4M75K683P;
				GENERATE_INFOPLIST_FILE = YES;
				IPHONEOS_DEPLOYMENT_TARGET = 15.5;
				MARKETING_VERSION = 1.0;
				PRODUCT_BUNDLE_IDENTIFIER = com.apekshik.WhiteTigerTests;
				PRODUCT_NAME = "$(TARGET_NAME)";
				SWIFT_EMIT_LOC_STRINGS = NO;
				SWIFT_VERSION = 5.0;
				TARGETED_DEVICE_FAMILY = "1,2";
				TEST_HOST = "$(BUILT_PRODUCTS_DIR)/WhiteTiger.app/WhiteTiger";
			};
			name = Debug;
		};
		89790C7628546AF9007853BA /* Release */ = {
			isa = XCBuildConfiguration;
			buildSettings = {
				ALWAYS_EMBED_SWIFT_STANDARD_LIBRARIES = YES;
				BUNDLE_LOADER = "$(TEST_HOST)";
				CODE_SIGN_STYLE = Automatic;
				CURRENT_PROJECT_VERSION = 1;
				DEVELOPMENT_TEAM = L4M75K683P;
				GENERATE_INFOPLIST_FILE = YES;
				IPHONEOS_DEPLOYMENT_TARGET = 15.5;
				MARKETING_VERSION = 1.0;
				PRODUCT_BUNDLE_IDENTIFIER = com.apekshik.WhiteTigerTests;
				PRODUCT_NAME = "$(TARGET_NAME)";
				SWIFT_EMIT_LOC_STRINGS = NO;
				SWIFT_VERSION = 5.0;
				TARGETED_DEVICE_FAMILY = "1,2";
				TEST_HOST = "$(BUILT_PRODUCTS_DIR)/WhiteTiger.app/WhiteTiger";
			};
			name = Release;
		};
		89790C7828546AF9007853BA /* Debug */ = {
			isa = XCBuildConfiguration;
			buildSettings = {
				ALWAYS_EMBED_SWIFT_STANDARD_LIBRARIES = YES;
				CODE_SIGN_STYLE = Automatic;
				CURRENT_PROJECT_VERSION = 1;
				DEVELOPMENT_TEAM = L4M75K683P;
				GENERATE_INFOPLIST_FILE = YES;
				MARKETING_VERSION = 1.0;
				PRODUCT_BUNDLE_IDENTIFIER = com.apekshik.WhiteTigerUITests;
				PRODUCT_NAME = "$(TARGET_NAME)";
				SWIFT_EMIT_LOC_STRINGS = NO;
				SWIFT_VERSION = 5.0;
				TARGETED_DEVICE_FAMILY = "1,2";
				TEST_TARGET_NAME = WhiteTiger;
			};
			name = Debug;
		};
		89790C7928546AF9007853BA /* Release */ = {
			isa = XCBuildConfiguration;
			buildSettings = {
				ALWAYS_EMBED_SWIFT_STANDARD_LIBRARIES = YES;
				CODE_SIGN_STYLE = Automatic;
				CURRENT_PROJECT_VERSION = 1;
				DEVELOPMENT_TEAM = L4M75K683P;
				GENERATE_INFOPLIST_FILE = YES;
				MARKETING_VERSION = 1.0;
				PRODUCT_BUNDLE_IDENTIFIER = com.apekshik.WhiteTigerUITests;
				PRODUCT_NAME = "$(TARGET_NAME)";
				SWIFT_EMIT_LOC_STRINGS = NO;
				SWIFT_VERSION = 5.0;
				TARGETED_DEVICE_FAMILY = "1,2";
				TEST_TARGET_NAME = WhiteTiger;
			};
			name = Release;
		};
/* End XCBuildConfiguration section */

/* Begin XCConfigurationList section */
		89790C4828546AF8007853BA /* Build configuration list for PBXProject "WhiteTiger" */ = {
			isa = XCConfigurationList;
			buildConfigurations = (
				89790C6F28546AF9007853BA /* Debug */,
				89790C7028546AF9007853BA /* Release */,
			);
			defaultConfigurationIsVisible = 0;
			defaultConfigurationName = Release;
		};
		89790C7128546AF9007853BA /* Build configuration list for PBXNativeTarget "WhiteTiger" */ = {
			isa = XCConfigurationList;
			buildConfigurations = (
				89790C7228546AF9007853BA /* Debug */,
				89790C7328546AF9007853BA /* Release */,
			);
			defaultConfigurationIsVisible = 0;
			defaultConfigurationName = Release;
		};
		89790C7428546AF9007853BA /* Build configuration list for PBXNativeTarget "WhiteTigerTests" */ = {
			isa = XCConfigurationList;
			buildConfigurations = (
				89790C7528546AF9007853BA /* Debug */,
				89790C7628546AF9007853BA /* Release */,
			);
			defaultConfigurationIsVisible = 0;
			defaultConfigurationName = Release;
		};
		89790C7728546AF9007853BA /* Build configuration list for PBXNativeTarget "WhiteTigerUITests" */ = {
			isa = XCConfigurationList;
			buildConfigurations = (
				89790C7828546AF9007853BA /* Debug */,
				89790C7928546AF9007853BA /* Release */,
			);
			defaultConfigurationIsVisible = 0;
			defaultConfigurationName = Release;
		};
/* End XCConfigurationList section */

/* Begin XCRemoteSwiftPackageReference section */
		891A4C58285B019800538E38 /* XCRemoteSwiftPackageReference "firebase-ios-sdk" */ = {
			isa = XCRemoteSwiftPackageReference;
			repositoryURL = "https://github.com/firebase/firebase-ios-sdk";
			requirement = {
				branch = master;
				kind = branch;
			};
		};
		89790C812854E908007853BA /* XCRemoteSwiftPackageReference "rive-ios" */ = {
			isa = XCRemoteSwiftPackageReference;
			repositoryURL = "https://github.com/rive-app/rive-ios.git";
			requirement = {
				branch = main;
				kind = branch;
			};
		};
/* End XCRemoteSwiftPackageReference section */

/* Begin XCSwiftPackageProductDependency section */
		891A4C59285B019800538E38 /* FirebaseAnalytics */ = {
			isa = XCSwiftPackageProductDependency;
			package = 891A4C58285B019800538E38 /* XCRemoteSwiftPackageReference "firebase-ios-sdk" */;
			productName = FirebaseAnalytics;
		};
		891A4C5B285B019800538E38 /* FirebaseAnalyticsSwift */ = {
			isa = XCSwiftPackageProductDependency;
			package = 891A4C58285B019800538E38 /* XCRemoteSwiftPackageReference "firebase-ios-sdk" */;
			productName = FirebaseAnalyticsSwift;
		};
		891A4C5D285B019800538E38 /* FirebaseAppCheck */ = {
			isa = XCSwiftPackageProductDependency;
			package = 891A4C58285B019800538E38 /* XCRemoteSwiftPackageReference "firebase-ios-sdk" */;
			productName = FirebaseAppCheck;
		};
		891A4C5F285B019800538E38 /* FirebaseAuth */ = {
			isa = XCSwiftPackageProductDependency;
			package = 891A4C58285B019800538E38 /* XCRemoteSwiftPackageReference "firebase-ios-sdk" */;
			productName = FirebaseAuth;
		};
		891A4C61285B019800538E38 /* FirebaseCrashlytics */ = {
			isa = XCSwiftPackageProductDependency;
			package = 891A4C58285B019800538E38 /* XCRemoteSwiftPackageReference "firebase-ios-sdk" */;
			productName = FirebaseCrashlytics;
		};
		891A4C63285B019800538E38 /* FirebaseDatabase */ = {
			isa = XCSwiftPackageProductDependency;
			package = 891A4C58285B019800538E38 /* XCRemoteSwiftPackageReference "firebase-ios-sdk" */;
			productName = FirebaseDatabase;
		};
		891A4C65285B019800538E38 /* FirebaseDatabaseSwift */ = {
			isa = XCSwiftPackageProductDependency;
			package = 891A4C58285B019800538E38 /* XCRemoteSwiftPackageReference "firebase-ios-sdk" */;
			productName = FirebaseDatabaseSwift;
		};
		891A4C67285B019800538E38 /* FirebaseDynamicLinks */ = {
			isa = XCSwiftPackageProductDependency;
			package = 891A4C58285B019800538E38 /* XCRemoteSwiftPackageReference "firebase-ios-sdk" */;
			productName = FirebaseDynamicLinks;
		};
		891A4C69285B019800538E38 /* FirebaseFirestore */ = {
			isa = XCSwiftPackageProductDependency;
			package = 891A4C58285B019800538E38 /* XCRemoteSwiftPackageReference "firebase-ios-sdk" */;
			productName = FirebaseFirestore;
		};
		891A4C6B285B019800538E38 /* FirebaseFirestoreSwift */ = {
			isa = XCSwiftPackageProductDependency;
			package = 891A4C58285B019800538E38 /* XCRemoteSwiftPackageReference "firebase-ios-sdk" */;
			productName = FirebaseFirestoreSwift;
		};
		891A4C6D285B019800538E38 /* FirebaseFunctions */ = {
			isa = XCSwiftPackageProductDependency;
			package = 891A4C58285B019800538E38 /* XCRemoteSwiftPackageReference "firebase-ios-sdk" */;
			productName = FirebaseFunctions;
		};
		891A4C6F285B019800538E38 /* FirebaseInstallations */ = {
			isa = XCSwiftPackageProductDependency;
			package = 891A4C58285B019800538E38 /* XCRemoteSwiftPackageReference "firebase-ios-sdk" */;
			productName = FirebaseInstallations;
		};
		891A4C71285B019800538E38 /* FirebaseMessaging */ = {
			isa = XCSwiftPackageProductDependency;
			package = 891A4C58285B019800538E38 /* XCRemoteSwiftPackageReference "firebase-ios-sdk" */;
			productName = FirebaseMessaging;
		};
		891A4C73285B019800538E38 /* FirebasePerformance */ = {
			isa = XCSwiftPackageProductDependency;
			package = 891A4C58285B019800538E38 /* XCRemoteSwiftPackageReference "firebase-ios-sdk" */;
			productName = FirebasePerformance;
		};
		891A4C75285B019800538E38 /* FirebaseRemoteConfig */ = {
			isa = XCSwiftPackageProductDependency;
			package = 891A4C58285B019800538E38 /* XCRemoteSwiftPackageReference "firebase-ios-sdk" */;
			productName = FirebaseRemoteConfig;
		};
		891A4C77285B019800538E38 /* FirebaseRemoteConfigSwift */ = {
			isa = XCSwiftPackageProductDependency;
			package = 891A4C58285B019800538E38 /* XCRemoteSwiftPackageReference "firebase-ios-sdk" */;
			productName = FirebaseRemoteConfigSwift;
		};
		891A4C79285B019800538E38 /* FirebaseStorage */ = {
			isa = XCSwiftPackageProductDependency;
			package = 891A4C58285B019800538E38 /* XCRemoteSwiftPackageReference "firebase-ios-sdk" */;
			productName = FirebaseStorage;
		};
		89790C822854E908007853BA /* RiveRuntime */ = {
			isa = XCSwiftPackageProductDependency;
			package = 89790C812854E908007853BA /* XCRemoteSwiftPackageReference "rive-ios" */;
			productName = RiveRuntime;
		};
/* End XCSwiftPackageProductDependency section */
	};
	rootObject = 89790C4528546AF8007853BA /* Project object */;
}
